// !$*UTF8*$!
{
	archiveVersion = 1;
	classes = {
	};
	objectVersion = 56;
	objects = {

/* Begin PBXBuildFile section */
		AD9EF2AC29F79BE6003B708D /* ImageDownloadApp.swift in Sources */ = {isa = PBXBuildFile; fileRef = AD9EF2AB29F79BE6003B708D /* ImageDownloadApp.swift */; };
		AD9EF2AE29F79BE6003B708D /* ContentView.swift in Sources */ = {isa = PBXBuildFile; fileRef = AD9EF2AD29F79BE6003B708D /* ContentView.swift */; };
		AD9EF2B029F79BE7003B708D /* Assets.xcassets in Resources */ = {isa = PBXBuildFile; fileRef = AD9EF2AF29F79BE7003B708D /* Assets.xcassets */; };
		AD9EF2B329F79BE7003B708D /* Preview Assets.xcassets in Resources */ = {isa = PBXBuildFile; fileRef = AD9EF2B229F79BE7003B708D /* Preview Assets.xcassets */; };
		AD9EF2BA29F79BF7003B708D /* DownloadModel.swift in Sources */ = {isa = PBXBuildFile; fileRef = AD9EF2B929F79BF7003B708D /* DownloadModel.swift */; };
		AD9EF2BE29F79C12003B708D /* ContentViewModel.swift in Sources */ = {isa = PBXBuildFile; fileRef = AD9EF2BD29F79C12003B708D /* ContentViewModel.swift */; };
		AD9EF2C029F7A699003B708D /* ImageSearchServicing.swift in Sources */ = {isa = PBXBuildFile; fileRef = AD9EF2BF29F7A699003B708D /* ImageSearchServicing.swift */; };
		AD9EF2C229F7A6E5003B708D /* ImageSearchResponse.swift in Sources */ = {isa = PBXBuildFile; fileRef = AD9EF2C129F7A6E5003B708D /* ImageSearchResponse.swift */; };
		AD9EF2C529F7A8D9003B708D /* MockSearchService.swift in Sources */ = {isa = PBXBuildFile; fileRef = AD9EF2C429F7A8D9003B708D /* MockSearchService.swift */; };
		AD9EF2C729F7A8E9003B708D /* ImageSearchService.swift in Sources */ = {isa = PBXBuildFile; fileRef = AD9EF2C629F7A8E9003B708D /* ImageSearchService.swift */; };
/* End PBXBuildFile section */

/* Begin PBXFileReference section */
		AD9EF2A829F79BE6003B708D /* ImageDownload.app */ = {isa = PBXFileReference; explicitFileType = wrapper.application; includeInIndex = 0; path = ImageDownload.app; sourceTree = BUILT_PRODUCTS_DIR; };
		AD9EF2AB29F79BE6003B708D /* ImageDownloadApp.swift */ = {isa = PBXFileReference; lastKnownFileType = sourcecode.swift; path = ImageDownloadApp.swift; sourceTree = "<group>"; };
		AD9EF2AD29F79BE6003B708D /* ContentView.swift */ = {isa = PBXFileReference; lastKnownFileType = sourcecode.swift; path = ContentView.swift; sourceTree = "<group>"; };
		AD9EF2AF29F79BE7003B708D /* Assets.xcassets */ = {isa = PBXFileReference; lastKnownFileType = folder.assetcatalog; path = Assets.xcassets; sourceTree = "<group>"; };
		AD9EF2B229F79BE7003B708D /* Preview Assets.xcassets */ = {isa = PBXFileReference; lastKnownFileType = folder.assetcatalog; path = "Preview Assets.xcassets"; sourceTree = "<group>"; };
		AD9EF2B929F79BF7003B708D /* DownloadModel.swift */ = {isa = PBXFileReference; lastKnownFileType = sourcecode.swift; path = DownloadModel.swift; sourceTree = "<group>"; };
		AD9EF2BD29F79C12003B708D /* ContentViewModel.swift */ = {isa = PBXFileReference; lastKnownFileType = sourcecode.swift; path = ContentViewModel.swift; sourceTree = "<group>"; };
		AD9EF2BF29F7A699003B708D /* ImageSearchServicing.swift */ = {isa = PBXFileReference; lastKnownFileType = sourcecode.swift; path = ImageSearchServicing.swift; sourceTree = "<group>"; };
		AD9EF2C129F7A6E5003B708D /* ImageSearchResponse.swift */ = {isa = PBXFileReference; lastKnownFileType = sourcecode.swift; path = ImageSearchResponse.swift; sourceTree = "<group>"; };
		AD9EF2C429F7A8D9003B708D /* MockSearchService.swift */ = {isa = PBXFileReference; lastKnownFileType = sourcecode.swift; path = MockSearchService.swift; sourceTree = "<group>"; };
		AD9EF2C629F7A8E9003B708D /* ImageSearchService.swift */ = {isa = PBXFileReference; lastKnownFileType = sourcecode.swift; path = ImageSearchService.swift; sourceTree = "<group>"; };
/* End PBXFileReference section */

/* Begin PBXFrameworksBuildPhase section */
		AD9EF2A529F79BE6003B708D /* Frameworks */ = {
			isa = PBXFrameworksBuildPhase;
			buildActionMask = 2147483647;
			files = (
			);
			runOnlyForDeploymentPostprocessing = 0;
		};
/* End PBXFrameworksBuildPhase section */

/* Begin PBXGroup section */
		AD9EF29F29F79BE6003B708D = {
			isa = PBXGroup;
			children = (
				AD9EF2AA29F79BE6003B708D /* ImageDownload */,
				AD9EF2A929F79BE6003B708D /* Products */,
			);
			sourceTree = "<group>";
		};
		AD9EF2A929F79BE6003B708D /* Products */ = {
			isa = PBXGroup;
			children = (
				AD9EF2A829F79BE6003B708D /* ImageDownload.app */,
			);
			name = Products;
			sourceTree = "<group>";
		};
		AD9EF2AA29F79BE6003B708D /* ImageDownload */ = {
			isa = PBXGroup;
			children = (
				AD9EF2C329F7A6EB003B708D /* SearchService */,
				AD9EF2AB29F79BE6003B708D /* ImageDownloadApp.swift */,
				AD9EF2AD29F79BE6003B708D /* ContentView.swift */,
				AD9EF2BD29F79C12003B708D /* ContentViewModel.swift */,
				AD9EF2B929F79BF7003B708D /* DownloadModel.swift */,
				AD9EF2AF29F79BE7003B708D /* Assets.xcassets */,
				AD9EF2B129F79BE7003B708D /* Preview Content */,
			);
			path = ImageDownload;
			sourceTree = "<group>";
		};
		AD9EF2B129F79BE7003B708D /* Preview Content */ = {
			isa = PBXGroup;
			children = (
				AD9EF2B229F79BE7003B708D /* Preview Assets.xcassets */,
			);
			path = "Preview Content";
			sourceTree = "<group>";
		};
		AD9EF2C329F7A6EB003B708D /* SearchService */ = {
			isa = PBXGroup;
			children = (
				AD9EF2BF29F7A699003B708D /* ImageSearchServicing.swift */,
				AD9EF2C629F7A8E9003B708D /* ImageSearchService.swift */,
				AD9EF2C429F7A8D9003B708D /* MockSearchService.swift */,
				AD9EF2C129F7A6E5003B708D /* ImageSearchResponse.swift */,
			);
			path = SearchService;
			sourceTree = "<group>";
		};
/* End PBXGroup section */

/* Begin PBXNativeTarget section */
		AD9EF2A729F79BE6003B708D /* ImageDownload */ = {
			isa = PBXNativeTarget;
			buildConfigurationList = AD9EF2B629F79BE7003B708D /* Build configuration list for PBXNativeTarget "ImageDownload" */;
			buildPhases = (
				AD9EF2A429F79BE6003B708D /* Sources */,
				AD9EF2A529F79BE6003B708D /* Frameworks */,
				AD9EF2A629F79BE6003B708D /* Resources */,
			);
			buildRules = (
			);
			dependencies = (
			);
			name = ImageDownload;
			productName = ImageDownload;
			productReference = AD9EF2A829F79BE6003B708D /* ImageDownload.app */;
			productType = "com.apple.product-type.application";
		};
/* End PBXNativeTarget section */

/* Begin PBXProject section */
		AD9EF2A029F79BE6003B708D /* Project object */ = {
			isa = PBXProject;
			attributes = {
				BuildIndependentTargetsInParallel = 1;
				LastSwiftUpdateCheck = 1430;
				LastUpgradeCheck = 1430;
				TargetAttributes = {
					AD9EF2A729F79BE6003B708D = {
						CreatedOnToolsVersion = 14.3;
					};
				};
			};
			buildConfigurationList = AD9EF2A329F79BE6003B708D /* Build configuration list for PBXProject "ImageDownload" */;
			compatibilityVersion = "Xcode 14.0";
			developmentRegion = en;
			hasScannedForEncodings = 0;
			knownRegions = (
				en,
				Base,
			);
			mainGroup = AD9EF29F29F79BE6003B708D;
			productRefGroup = AD9EF2A929F79BE6003B708D /* Products */;
			projectDirPath = "";
			projectRoot = "";
			targets = (
				AD9EF2A729F79BE6003B708D /* ImageDownload */,
			);
		};
/* End PBXProject section */

/* Begin PBXResourcesBuildPhase section */
		AD9EF2A629F79BE6003B708D /* Resources */ = {
			isa = PBXResourcesBuildPhase;
			buildActionMask = 2147483647;
			files = (
				AD9EF2B329F79BE7003B708D /* Preview Assets.xcassets in Resources */,
				AD9EF2B029F79BE7003B708D /* Assets.xcassets in Resources */,
			);
			runOnlyForDeploymentPostprocessing = 0;
		};
/* End PBXResourcesBuildPhase section */

/* Begin PBXSourcesBuildPhase section */
		AD9EF2A429F79BE6003B708D /* Sources */ = {
			isa = PBXSourcesBuildPhase;
			buildActionMask = 2147483647;
			files = (
				AD9EF2C029F7A699003B708D /* ImageSearchServicing.swift in Sources */,
				AD9EF2AE29F79BE6003B708D /* ContentView.swift in Sources */,
				AD9EF2C529F7A8D9003B708D /* MockSearchService.swift in Sources */,
				AD9EF2AC29F79BE6003B708D /* ImageDownloadApp.swift in Sources */,
				AD9EF2BA29F79BF7003B708D /* DownloadModel.swift in Sources */,
				AD9EF2C729F7A8E9003B708D /* ImageSearchService.swift in Sources */,
				AD9EF2C229F7A6E5003B708D /* ImageSearchResponse.swift in Sources */,
				AD9EF2BE29F79C12003B708D /* ContentViewModel.swift in Sources */,
			);
			runOnlyForDeploymentPostprocessing = 0;
		};
/* End PBXSourcesBuildPhase section */

/* Begin XCBuildConfiguration section */
		AD9EF2B429F79BE7003B708D /* Debug */ = {
			isa = XCBuildConfiguration;
			buildSettings = {
				ALWAYS_SEARCH_USER_PATHS = NO;
				CLANG_ANALYZER_NONNULL = YES;
				CLANG_ANALYZER_NUMBER_OBJECT_CONVERSION = YES_AGGRESSIVE;
				CLANG_CXX_LANGUAGE_STANDARD = "gnu++20";
				CLANG_ENABLE_MODULES = YES;
				CLANG_ENABLE_OBJC_ARC = YES;
				CLANG_ENABLE_OBJC_WEAK = YES;
				CLANG_WARN_BLOCK_CAPTURE_AUTORELEASING = YES;
				CLANG_WARN_BOOL_CONVERSION = YES;
				CLANG_WARN_COMMA = YES;
				CLANG_WARN_CONSTANT_CONVERSION = YES;
				CLANG_WARN_DEPRECATED_OBJC_IMPLEMENTATIONS = YES;
				CLANG_WARN_DIRECT_OBJC_ISA_USAGE = YES_ERROR;
				CLANG_WARN_DOCUMENTATION_COMMENTS = YES;
				CLANG_WARN_EMPTY_BODY = YES;
				CLANG_WARN_ENUM_CONVERSION = YES;
				CLANG_WARN_INFINITE_RECURSION = YES;
				CLANG_WARN_INT_CONVERSION = YES;
				CLANG_WARN_NON_LITERAL_NULL_CONVERSION = YES;
				CLANG_WARN_OBJC_IMPLICIT_RETAIN_SELF = YES;
				CLANG_WARN_OBJC_LITERAL_CONVERSION = YES;
				CLANG_WARN_OBJC_ROOT_CLASS = YES_ERROR;
				CLANG_WARN_QUOTED_INCLUDE_IN_FRAMEWORK_HEADER = YES;
				CLANG_WARN_RANGE_LOOP_ANALYSIS = YES;
				CLANG_WARN_STRICT_PROTOTYPES = YES;
				CLANG_WARN_SUSPICIOUS_MOVE = YES;
				CLANG_WARN_UNGUARDED_AVAILABILITY = YES_AGGRESSIVE;
				CLANG_WARN_UNREACHABLE_CODE = YES;
				CLANG_WARN__DUPLICATE_METHOD_MATCH = YES;
				COPY_PHASE_STRIP = NO;
				DEBUG_INFORMATION_FORMAT = dwarf;
				ENABLE_STRICT_OBJC_MSGSEND = YES;
				ENABLE_TESTABILITY = YES;
				GCC_C_LANGUAGE_STANDARD = gnu11;
				GCC_DYNAMIC_NO_PIC = NO;
				GCC_NO_COMMON_BLOCKS = YES;
				GCC_OPTIMIZATION_LEVEL = 0;
				GCC_PREPROCESSOR_DEFINITIONS = (
					"DEBUG=1",
					"$(inherited)",
				);
				GCC_WARN_64_TO_32_BIT_CONVERSION = YES;
				GCC_WARN_ABOUT_RETURN_TYPE = YES_ERROR;
				GCC_WARN_UNDECLARED_SELECTOR = YES;
				GCC_WARN_UNINITIALIZED_AUTOS = YES_AGGRESSIVE;
				GCC_WARN_UNUSED_FUNCTION = YES;
				GCC_WARN_UNUSED_VARIABLE = YES;
				IPHONEOS_DEPLOYMENT_TARGET = 16.4;
				MTL_ENABLE_DEBUG_INFO = INCLUDE_SOURCE;
				MTL_FAST_MATH = YES;
				ONLY_ACTIVE_ARCH = YES;
				SDKROOT = iphoneos;
				SWIFT_ACTIVE_COMPILATION_CONDITIONS = DEBUG;
				SWIFT_OPTIMIZATION_LEVEL = "-Onone";
			};
			name = Debug;
		};
		AD9EF2B529F79BE7003B708D /* Release */ = {
			isa = XCBuildConfiguration;
			buildSettings = {
				ALWAYS_SEARCH_USER_PATHS = NO;
				CLANG_ANALYZER_NONNULL = YES;
				CLANG_ANALYZER_NUMBER_OBJECT_CONVERSION = YES_AGGRESSIVE;
				CLANG_CXX_LANGUAGE_STANDARD = "gnu++20";
				CLANG_ENABLE_MODULES = YES;
				CLANG_ENABLE_OBJC_ARC = YES;
				CLANG_ENABLE_OBJC_WEAK = YES;
				CLANG_WARN_BLOCK_CAPTURE_AUTORELEASING = YES;
				CLANG_WARN_BOOL_CONVERSION = YES;
				CLANG_WARN_COMMA = YES;
				CLANG_WARN_CONSTANT_CONVERSION = YES;
				CLANG_WARN_DEPRECATED_OBJC_IMPLEMENTATIONS = YES;
				CLANG_WARN_DIRECT_OBJC_ISA_USAGE = YES_ERROR;
				CLANG_WARN_DOCUMENTATION_COMMENTS = YES;
				CLANG_WARN_EMPTY_BODY = YES;
				CLANG_WARN_ENUM_CONVERSION = YES;
				CLANG_WARN_INFINITE_RECURSION = YES;
				CLANG_WARN_INT_CONVERSION = YES;
				CLANG_WARN_NON_LITERAL_NULL_CONVERSION = YES;
				CLANG_WARN_OBJC_IMPLICIT_RETAIN_SELF = YES;
				CLANG_WARN_OBJC_LITERAL_CONVERSION = YES;
				CLANG_WARN_OBJC_ROOT_CLASS = YES_ERROR;
				CLANG_WARN_QUOTED_INCLUDE_IN_FRAMEWORK_HEADER = YES;
				CLANG_WARN_RANGE_LOOP_ANALYSIS = YES;
				CLANG_WARN_STRICT_PROTOTYPES = YES;
				CLANG_WARN_SUSPICIOUS_MOVE = YES;
				CLANG_WARN_UNGUARDED_AVAILABILITY = YES_AGGRESSIVE;
				CLANG_WARN_UNREACHABLE_CODE = YES;
				CLANG_WARN__DUPLICATE_METHOD_MATCH = YES;
				COPY_PHASE_STRIP = NO;
				DEBUG_INFORMATION_FORMAT = "dwarf-with-dsym";
				ENABLE_NS_ASSERTIONS = NO;
				ENABLE_STRICT_OBJC_MSGSEND = YES;
				GCC_C_LANGUAGE_STANDARD = gnu11;
				GCC_NO_COMMON_BLOCKS = YES;
				GCC_WARN_64_TO_32_BIT_CONVERSION = YES;
				GCC_WARN_ABOUT_RETURN_TYPE = YES_ERROR;
				GCC_WARN_UNDECLARED_SELECTOR = YES;
				GCC_WARN_UNINITIALIZED_AUTOS = YES_AGGRESSIVE;
				GCC_WARN_UNUSED_FUNCTION = YES;
				GCC_WARN_UNUSED_VARIABLE = YES;
				IPHONEOS_DEPLOYMENT_TARGET = 16.4;
				MTL_ENABLE_DEBUG_INFO = NO;
				MTL_FAST_MATH = YES;
				SDKROOT = iphoneos;
				SWIFT_COMPILATION_MODE = wholemodule;
				SWIFT_OPTIMIZATION_LEVEL = "-O";
				VALIDATE_PRODUCT = YES;
			};
			name = Release;
		};
		AD9EF2B729F79BE7003B708D /* Debug */ = {
			isa = XCBuildConfiguration;
			buildSettings = {
				ASSETCATALOG_COMPILER_APPICON_NAME = AppIcon;
				ASSETCATALOG_COMPILER_GLOBAL_ACCENT_COLOR_NAME = AccentColor;
				CODE_SIGN_STYLE = Automatic;
				CURRENT_PROJECT_VERSION = 1;
				DEVELOPMENT_ASSET_PATHS = "\"ImageDownload/Preview Content\"";
				DEVELOPMENT_TEAM = AHPXYUCLH6;
				ENABLE_PREVIEWS = YES;
				GENERATE_INFOPLIST_FILE = YES;
				INFOPLIST_KEY_UIApplicationSceneManifest_Generation = YES;
				INFOPLIST_KEY_UIApplicationSupportsIndirectInputEvents = YES;
				INFOPLIST_KEY_UILaunchScreen_Generation = YES;
				INFOPLIST_KEY_UISupportedInterfaceOrientations_iPad = "UIInterfaceOrientationPortrait UIInterfaceOrientationPortraitUpsideDown UIInterfaceOrientationLandscapeLeft UIInterfaceOrientationLandscapeRight";
				INFOPLIST_KEY_UISupportedInterfaceOrientations_iPhone = "UIInterfaceOrientationPortrait UIInterfaceOrientationLandscapeLeft UIInterfaceOrientationLandscapeRight";
				LD_RUNPATH_SEARCH_PATHS = (
					"$(inherited)",
					"@executable_path/Frameworks",
				);
				MARKETING_VERSION = 1.0;
				PRODUCT_BUNDLE_IDENTIFIER = com.wyatt.ImageDownload;
				PRODUCT_NAME = "$(TARGET_NAME)";
				SWIFT_EMIT_LOC_STRINGS = YES;
				SWIFT_VERSION = 5.0;
				TARGETED_DEVICE_FAMILY = "1,2";
			};
			name = Debug;
		};
		AD9EF2B829F79BE7003B708D /* Release */ = {
			isa = XCBuildConfiguration;
			buildSettings = {
				ASSETCATALOG_COMPILER_APPICON_NAME = AppIcon;
				ASSETCATALOG_COMPILER_GLOBAL_ACCENT_COLOR_NAME = AccentColor;
				CODE_SIGN_STYLE = Automatic;
				CURRENT_PROJECT_VERSION = 1;
				DEVELOPMENT_ASSET_PATHS = "\"ImageDownload/Preview Content\"";
				DEVELOPMENT_TEAM = AHPXYUCLH6;
				ENABLE_PREVIEWS = YES;
				GENERATE_INFOPLIST_FILE = YES;
				INFOPLIST_KEY_UIApplicationSceneManifest_Generation = YES;
				INFOPLIST_KEY_UIApplicationSupportsIndirectInputEvents = YES;
				INFOPLIST_KEY_UILaunchScreen_Generation = YES;
				INFOPLIST_KEY_UISupportedInterfaceOrientations_iPad = "UIInterfaceOrientationPortrait UIInterfaceOrientationPortraitUpsideDown UIInterfaceOrientationLandscapeLeft UIInterfaceOrientationLandscapeRight";
				INFOPLIST_KEY_UISupportedInterfaceOrientations_iPhone = "UIInterfaceOrientationPortrait UIInterfaceOrientationLandscapeLeft UIInterfaceOrientationLandscapeRight";
				LD_RUNPATH_SEARCH_PATHS = (
					"$(inherited)",
					"@executable_path/Frameworks",
				);
				MARKETING_VERSION = 1.0;
				PRODUCT_BUNDLE_IDENTIFIER = com.wyatt.ImageDownload;
				PRODUCT_NAME = "$(TARGET_NAME)";
				SWIFT_EMIT_LOC_STRINGS = YES;
				SWIFT_VERSION = 5.0;
				TARGETED_DEVICE_FAMILY = "1,2";
			};
			name = Release;
		};
/* End XCBuildConfiguration section */

/* Begin XCConfigurationList section */
		AD9EF2A329F79BE6003B708D /* Build configuration list for PBXProject "ImageDownload" */ = {
			isa = XCConfigurationList;
			buildConfigurations = (
				AD9EF2B429F79BE7003B708D /* Debug */,
				AD9EF2B529F79BE7003B708D /* Release */,
			);
			defaultConfigurationIsVisible = 0;
			defaultConfigurationName = Release;
		};
		AD9EF2B629F79BE7003B708D /* Build configuration list for PBXNativeTarget "ImageDownload" */ = {
			isa = XCConfigurationList;
			buildConfigurations = (
				AD9EF2B729F79BE7003B708D /* Debug */,
				AD9EF2B829F79BE7003B708D /* Release */,
			);
			defaultConfigurationIsVisible = 0;
			defaultConfigurationName = Release;
		};
/* End XCConfigurationList section */
	};
	rootObject = AD9EF2A029F79BE6003B708D /* Project object */;
}
